
Microsoft Visual Studio Solution File, Format Version 12.00
# Visual Studio 15
VisualStudioVersion = 15.0.28010.0
MinimumVisualStudioVersion = 10.0.40219.1
Project("{FAE04EC0-301F-11D3-BF4B-00C04F79EFBC}") = "eCommerce", "eCommerce\eCommerce.csproj", "{A0B7F0CF-7923-4B5A-8BEF-2202E583EB6C}"
EndProject
Global
	GlobalSection(SolutionConfigurationPlatforms) = preSolution
		Debug|Any CPU = Debug|Any CPU
		Release|Any CPU = Release|Any CPU
	EndGlobalSection
	GlobalSection(ProjectConfigurationPlatforms) = postSolution
		{A0B7F0CF-7923-4B5A-8BEF-2202E583EB6C}.Debug|Any CPU.ActiveCfg = Debug|Any CPU
		{A0B7F0CF-7923-4B5A-8BEF-2202E583EB6C}.Debug|Any CPU.Build.0 = Debug|Any CPU
		{A0B7F0CF-7923-4B5A-8BEF-2202E583EB6C}.Release|Any CPU.ActiveCfg = Release|Any CPU
		{A0B7F0CF-7923-4B5A-8BEF-2202E583EB6C}.Release|Any CPU.Build.0 = Release|Any CPU
	EndGlobalSection
	GlobalSection(SolutionProperties) = preSolution
		HideSolutionNode = FALSE
	EndGlobalSection
	GlobalSection(ExtensibilityGlobals) = postSolution
		SolutionGuid = {85F254FE-B57E-436E-9A46-07029AC2B277}
	EndGlobalSection
EndGlobal
